// !$*UTF8*$!
{
	archiveVersion = 1;
	classes = {
	};
	objectVersion = 46;
	objects = {

/* Begin PBXBuildFile section */
		4360FDEA19DF4282001E3796 /* Foundation.framework in Frameworks */ = {isa = PBXBuildFile; fileRef = 4360FDE919DF4282001E3796 /* Foundation.framework */; };
		4360FDEC19DF4282001E3796 /* CoreGraphics.framework in Frameworks */ = {isa = PBXBuildFile; fileRef = 4360FDEB19DF4282001E3796 /* CoreGraphics.framework */; };
		4360FDEE19DF4282001E3796 /* UIKit.framework in Frameworks */ = {isa = PBXBuildFile; fileRef = 4360FDED19DF4282001E3796 /* UIKit.framework */; };
		4360FDF419DF4282001E3796 /* InfoPlist.strings in Resources */ = {isa = PBXBuildFile; fileRef = 4360FDF219DF4282001E3796 /* InfoPlist.strings */; };
		4360FDF619DF4282001E3796 /* main.m in Sources */ = {isa = PBXBuildFile; fileRef = 4360FDF519DF4282001E3796 /* main.m */; };
		4360FDFA19DF4282001E3796 /* BNRAppDelegate.m in Sources */ = {isa = PBXBuildFile; fileRef = 4360FDF919DF4282001E3796 /* BNRAppDelegate.m */; };
		4360FDFC19DF4282001E3796 /* Images.xcassets in Resources */ = {isa = PBXBuildFile; fileRef = 4360FDFB19DF4282001E3796 /* Images.xcassets */; };
		4360FE0319DF4282001E3796 /* XCTest.framework in Frameworks */ = {isa = PBXBuildFile; fileRef = 4360FE0219DF4282001E3796 /* XCTest.framework */; };
		4360FE0419DF4282001E3796 /* Foundation.framework in Frameworks */ = {isa = PBXBuildFile; fileRef = 4360FDE919DF4282001E3796 /* Foundation.framework */; };
		4360FE0519DF4282001E3796 /* UIKit.framework in Frameworks */ = {isa = PBXBuildFile; fileRef = 4360FDED19DF4282001E3796 /* UIKit.framework */; };
		4360FE0D19DF4282001E3796 /* InfoPlist.strings in Resources */ = {isa = PBXBuildFile; fileRef = 4360FE0B19DF4282001E3796 /* InfoPlist.strings */; };
		4360FE0F19DF4282001E3796 /* iTahDoodleTests.m in Sources */ = {isa = PBXBuildFile; fileRef = 4360FE0E19DF4282001E3796 /* iTahDoodleTests.m */; };
/* End PBXBuildFile section */

/* Begin PBXContainerItemProxy section */
		4360FE0619DF4282001E3796 /* PBXContainerItemProxy */ = {
			isa = PBXContainerItemProxy;
			containerPortal = 4360FDDE19DF4282001E3796 /* Project object */;
			proxyType = 1;
			remoteGlobalIDString = 4360FDE519DF4282001E3796;
			remoteInfo = iTahDoodle;
		};
/* End PBXContainerItemProxy section */

/* Begin PBXFileReference section */
		4360FDE619DF4282001E3796 /* iTahDoodle.app */ = {isa = PBXFileReference; explicitFileType = wrapper.application; includeInIndex = 0; path = iTahDoodle.app; sourceTree = BUILT_PRODUCTS_DIR; };
		4360FDE919DF4282001E3796 /* Foundation.framework */ = {isa = PBXFileReference; lastKnownFileType = wrapper.framework; name = Foundation.framework; path = System/Library/Frameworks/Foundation.framework; sourceTree = SDKROOT; };
		4360FDEB19DF4282001E3796 /* CoreGraphics.framework */ = {isa = PBXFileReference; lastKnownFileType = wrapper.framework; name = CoreGraphics.framework; path = System/Library/Frameworks/CoreGraphics.framework; sourceTree = SDKROOT; };
		4360FDED19DF4282001E3796 /* UIKit.framework */ = {isa = PBXFileReference; lastKnownFileType = wrapper.framework; name = UIKit.framework; path = System/Library/Frameworks/UIKit.framework; sourceTree = SDKROOT; };
		4360FDF119DF4282001E3796 /* iTahDoodle-Info.plist */ = {isa = PBXFileReference; lastKnownFileType = text.plist.xml; path = "iTahDoodle-Info.plist"; sourceTree = "<group>"; };
		4360FDF319DF4282001E3796 /* en */ = {isa = PBXFileReference; lastKnownFileType = text.plist.strings; name = en; path = en.lproj/InfoPlist.strings; sourceTree = "<group>"; };
		4360FDF519DF4282001E3796 /* main.m */ = {isa = PBXFileReference; lastKnownFileType = sourcecode.c.objc; path = main.m; sourceTree = "<group>"; };
		4360FDF719DF4282001E3796 /* iTahDoodle-Prefix.pch */ = {isa = PBXFileReference; lastKnownFileType = sourcecode.c.h; path = "iTahDoodle-Prefix.pch"; sourceTree = "<group>"; };
		4360FDF819DF4282001E3796 /* BNRAppDelegate.h */ = {isa = PBXFileReference; lastKnownFileType = sourcecode.c.h; path = BNRAppDelegate.h; sourceTree = "<group>"; };
		4360FDF919DF4282001E3796 /* BNRAppDelegate.m */ = {isa = PBXFileReference; lastKnownFileType = sourcecode.c.objc; path = BNRAppDelegate.m; sourceTree = "<group>"; };
		4360FDFB19DF4282001E3796 /* Images.xcassets */ = {isa = PBXFileReference; lastKnownFileType = folder.assetcatalog; path = Images.xcassets; sourceTree = "<group>"; };
		4360FE0119DF4282001E3796 /* iTahDoodleTests.xctest */ = {isa = PBXFileReference; explicitFileType = wrapper.cfbundle; includeInIndex = 0; path = iTahDoodleTests.xctest; sourceTree = BUILT_PRODUCTS_DIR; };
		4360FE0219DF4282001E3796 /* XCTest.framework */ = {isa = PBXFileReference; lastKnownFileType = wrapper.framework; name = XCTest.framework; path = Library/Frameworks/XCTest.framework; sourceTree = DEVELOPER_DIR; };
		4360FE0A19DF4282001E3796 /* iTahDoodleTests-Info.plist */ = {isa = PBXFileReference; lastKnownFileType = text.plist.xml; path = "iTahDoodleTests-Info.plist"; sourceTree = "<group>"; };
		4360FE0C19DF4282001E3796 /* en */ = {isa = PBXFileReference; lastKnownFileType = text.plist.strings; name = en; path = en.lproj/InfoPlist.strings; sourceTree = "<group>"; };
		4360FE0E19DF4282001E3796 /* iTahDoodleTests.m */ = {isa = PBXFileReference; lastKnownFileType = sourcecode.c.objc; path = iTahDoodleTests.m; sourceTree = "<group>"; };
/* End PBXFileReference section */

/* Begin PBXFrameworksBuildPhase section */
		4360FDE319DF4282001E3796 /* Frameworks */ = {
			isa = PBXFrameworksBuildPhase;
			buildActionMask = 2147483647;
			files = (
				4360FDEC19DF4282001E3796 /* CoreGraphics.framework in Frameworks */,
				4360FDEE19DF4282001E3796 /* UIKit.framework in Frameworks */,
				4360FDEA19DF4282001E3796 /* Foundation.framework in Frameworks */,
			);
			runOnlyForDeploymentPostprocessing = 0;
		};
		4360FDFE19DF4282001E3796 /* Frameworks */ = {
			isa = PBXFrameworksBuildPhase;
			buildActionMask = 2147483647;
			files = (
				4360FE0319DF4282001E3796 /* XCTest.framework in Frameworks */,
				4360FE0519DF4282001E3796 /* UIKit.framework in Frameworks */,
				4360FE0419DF4282001E3796 /* Foundation.framework in Frameworks */,
			);
			runOnlyForDeploymentPostprocessing = 0;
		};
/* End PBXFrameworksBuildPhase section */

/* Begin PBXGroup section */
		4360FDDD19DF4282001E3796 = {
			isa = PBXGroup;
			children = (
				4360FDEF19DF4282001E3796 /* iTahDoodle */,
				4360FE0819DF4282001E3796 /* iTahDoodleTests */,
				4360FDE819DF4282001E3796 /* Frameworks */,
				4360FDE719DF4282001E3796 /* Products */,
			);
			sourceTree = "<group>";
		};
		4360FDE719DF4282001E3796 /* Products */ = {
			isa = PBXGroup;
			children = (
				4360FDE619DF4282001E3796 /* iTahDoodle.app */,
				4360FE0119DF4282001E3796 /* iTahDoodleTests.xctest */,
			);
			name = Products;
			sourceTree = "<group>";
		};
		4360FDE819DF4282001E3796 /* Frameworks */ = {
			isa = PBXGroup;
			children = (
				4360FDE919DF4282001E3796 /* Foundation.framework */,
				4360FDEB19DF4282001E3796 /* CoreGraphics.framework */,
				4360FDED19DF4282001E3796 /* UIKit.framework */,
				4360FE0219DF4282001E3796 /* XCTest.framework */,
			);
			name = Frameworks;
			sourceTree = "<group>";
		};
		4360FDEF19DF4282001E3796 /* iTahDoodle */ = {
			isa = PBXGroup;
			children = (
				4360FDF819DF4282001E3796 /* BNRAppDelegate.h */,
				4360FDF919DF4282001E3796 /* BNRAppDelegate.m */,
				4360FDFB19DF4282001E3796 /* Images.xcassets */,
				4360FDF019DF4282001E3796 /* Supporting Files */,
			);
			path = iTahDoodle;
			sourceTree = "<group>";
		};
		4360FDF019DF4282001E3796 /* Supporting Files */ = {
			isa = PBXGroup;
			children = (
				4360FDF119DF4282001E3796 /* iTahDoodle-Info.plist */,
				4360FDF219DF4282001E3796 /* InfoPlist.strings */,
				4360FDF519DF4282001E3796 /* main.m */,
				4360FDF719DF4282001E3796 /* iTahDoodle-Prefix.pch */,
			);
			name = "Supporting Files";
			sourceTree = "<group>";
		};
		4360FE0819DF4282001E3796 /* iTahDoodleTests */ = {
			isa = PBXGroup;
			children = (
				4360FE0E19DF4282001E3796 /* iTahDoodleTests.m */,
				4360FE0919DF4282001E3796 /* Supporting Files */,
			);
			path = iTahDoodleTests;
			sourceTree = "<group>";
		};
		4360FE0919DF4282001E3796 /* Supporting Files */ = {
			isa = PBXGroup;
			children = (
				4360FE0A19DF4282001E3796 /* iTahDoodleTests-Info.plist */,
				4360FE0B19DF4282001E3796 /* InfoPlist.strings */,
			);
			name = "Supporting Files";
			sourceTree = "<group>";
		};
/* End PBXGroup section */

/* Begin PBXNativeTarget section */
		4360FDE519DF4282001E3796 /* iTahDoodle */ = {
			isa = PBXNativeTarget;
			buildConfigurationList = 4360FE1219DF4282001E3796 /* Build configuration list for PBXNativeTarget "iTahDoodle" */;
			buildPhases = (
				4360FDE219DF4282001E3796 /* Sources */,
				4360FDE319DF4282001E3796 /* Frameworks */,
				4360FDE419DF4282001E3796 /* Resources */,
			);
			buildRules = (
			);
			dependencies = (
			);
			name = iTahDoodle;
			productName = iTahDoodle;
			productReference = 4360FDE619DF4282001E3796 /* iTahDoodle.app */;
			productType = "com.apple.product-type.application";
		};
		4360FE0019DF4282001E3796 /* iTahDoodleTests */ = {
			isa = PBXNativeTarget;
			buildConfigurationList = 4360FE1519DF4282001E3796 /* Build configuration list for PBXNativeTarget "iTahDoodleTests" */;
			buildPhases = (
				4360FDFD19DF4282001E3796 /* Sources */,
				4360FDFE19DF4282001E3796 /* Frameworks */,
				4360FDFF19DF4282001E3796 /* Resources */,
			);
			buildRules = (
			);
			dependencies = (
				4360FE0719DF4282001E3796 /* PBXTargetDependency */,
			);
			name = iTahDoodleTests;
			productName = iTahDoodleTests;
			productReference = 4360FE0119DF4282001E3796 /* iTahDoodleTests.xctest */;
			productType = "com.apple.product-type.bundle.unit-test";
		};
/* End PBXNativeTarget section */

/* Begin PBXProject section */
		4360FDDE19DF4282001E3796 /* Project object */ = {
			isa = PBXProject;
			attributes = {
				CLASSPREFIX = BNR;
				LastUpgradeCheck = 0510;
				ORGANIZATIONNAME = "Black Rail Capital";
				TargetAttributes = {
					4360FE0019DF4282001E3796 = {
						TestTargetID = 4360FDE519DF4282001E3796;
					};
				};
			};
			buildConfigurationList = 4360FDE119DF4282001E3796 /* Build configuration list for PBXProject "iTahDoodle" */;
			compatibilityVersion = "Xcode 3.2";
			developmentRegion = English;
			hasScannedForEncodings = 0;
			knownRegions = (
				en,
			);
			mainGroup = 4360FDDD19DF4282001E3796;
			productRefGroup = 4360FDE719DF4282001E3796 /* Products */;
			projectDirPath = "";
			projectRoot = "";
			targets = (
				4360FDE519DF4282001E3796 /* iTahDoodle */,
				4360FE0019DF4282001E3796 /* iTahDoodleTests */,
			);
		};
/* End PBXProject section */

/* Begin PBXResourcesBuildPhase section */
		4360FDE419DF4282001E3796 /* Resources */ = {
			isa = PBXResourcesBuildPhase;
			buildActionMask = 2147483647;
			files = (
				4360FDF419DF4282001E3796 /* InfoPlist.strings in Resources */,
				4360FDFC19DF4282001E3796 /* Images.xcassets in Resources */,
			);
			runOnlyForDeploymentPostprocessing = 0;
		};
		4360FDFF19DF4282001E3796 /* Resources */ = {
			isa = PBXResourcesBuildPhase;
			buildActionMask = 2147483647;
			files = (
				4360FE0D19DF4282001E3796 /* InfoPlist.strings in Resources */,
			);
			runOnlyForDeploymentPostprocessing = 0;
		};
/* End PBXResourcesBuildPhase section */

/* Begin PBXSourcesBuildPhase section */
		4360FDE219DF4282001E3796 /* Sources */ = {
			isa = PBXSourcesBuildPhase;
			buildActionMask = 2147483647;
			files = (
				4360FDF619DF4282001E3796 /* main.m in Sources */,
				4360FDFA19DF4282001E3796 /* BNRAppDelegate.m in Sources */,
			);
			runOnlyForDeploymentPostprocessing = 0;
		};
		4360FDFD19DF4282001E3796 /* Sources */ = {
			isa = PBXSourcesBuildPhase;
			buildActionMask = 2147483647;
			files = (
				4360FE0F19DF4282001E3796 /* iTahDoodleTests.m in Sources */,
			);
			runOnlyForDeploymentPostprocessing = 0;
		};
/* End PBXSourcesBuildPhase section */

/* Begin PBXTargetDependency section */
		4360FE0719DF4282001E3796 /* PBXTargetDependency */ = {
			isa = PBXTargetDependency;
			target = 4360FDE519DF4282001E3796 /* iTahDoodle */;
			targetProxy = 4360FE0619DF4282001E3796 /* PBXContainerItemProxy */;
		};
/* End PBXTargetDependency section */

/* Begin PBXVariantGroup section */
		4360FDF219DF4282001E3796 /* InfoPlist.strings */ = {
			isa = PBXVariantGroup;
			children = (
				4360FDF319DF4282001E3796 /* en */,
			);
			name = InfoPlist.strings;
			sourceTree = "<group>";
		};
		4360FE0B19DF4282001E3796 /* InfoPlist.strings */ = {
			isa = PBXVariantGroup;
			children = (
				4360FE0C19DF4282001E3796 /* en */,
			);
			name = InfoPlist.strings;
			sourceTree = "<group>";
		};
/* End PBXVariantGroup section */

/* Begin XCBuildConfiguration section */
		4360FE1019DF4282001E3796 /* Debug */ = {
			isa = XCBuildConfiguration;
			buildSettings = {
				ALWAYS_SEARCH_USER_PATHS = NO;
				CLANG_CXX_LANGUAGE_STANDARD = "gnu++0x";
				CLANG_CXX_LIBRARY = "libc++";
				CLANG_ENABLE_MODULES = YES;
				CLANG_ENABLE_OBJC_ARC = YES;
				CLANG_WARN_BOOL_CONVERSION = YES;
				CLANG_WARN_CONSTANT_CONVERSION = YES;
				CLANG_WARN_DIRECT_OBJC_ISA_USAGE = YES_ERROR;
				CLANG_WARN_EMPTY_BODY = YES;
				CLANG_WARN_ENUM_CONVERSION = YES;
				CLANG_WARN_INT_CONVERSION = YES;
				CLANG_WARN_OBJC_ROOT_CLASS = YES_ERROR;
				CLANG_WARN__DUPLICATE_METHOD_MATCH = YES;
				"CODE_SIGN_IDENTITY[sdk=iphoneos*]" = "iPhone Developer";
				COPY_PHASE_STRIP = NO;
				GCC_C_LANGUAGE_STANDARD = gnu99;
				GCC_DYNAMIC_NO_PIC = NO;
				GCC_OPTIMIZATION_LEVEL = 0;
				GCC_PREPROCESSOR_DEFINITIONS = (
					"DEBUG=1",
					"$(inherited)",
				);
				GCC_SYMBOLS_PRIVATE_EXTERN = NO;
				GCC_WARN_64_TO_32_BIT_CONVERSION = YES;
				GCC_WARN_ABOUT_RETURN_TYPE = YES_ERROR;
				GCC_WARN_UNDECLARED_SELECTOR = YES;
				GCC_WARN_UNINITIALIZED_AUTOS = YES_AGGRESSIVE;
				GCC_WARN_UNUSED_FUNCTION = YES;
				GCC_WARN_UNUSED_VARIABLE = YES;
				IPHONEOS_DEPLOYMENT_TARGET = 7.1;
				ONLY_ACTIVE_ARCH = YES;
				SDKROOT = iphoneos;
			};
			name = Debug;
		};
		4360FE1119DF4282001E3796 /* Release */ = {
			isa = XCBuildConfiguration;
			buildSettings = {
				ALWAYS_SEARCH_USER_PATHS = NO;
				CLANG_CXX_LANGUAGE_STANDARD = "gnu++0x";
				CLANG_CXX_LIBRARY = "libc++";
				CLANG_ENABLE_MODULES = YES;
				CLANG_ENABLE_OBJC_ARC = YES;
				CLANG_WARN_BOOL_CONVERSION = YES;
				CLANG_WARN_CONSTANT_CONVERSION = YES;
				CLANG_WARN_DIRECT_OBJC_ISA_USAGE = YES_ERROR;
				CLANG_WARN_EMPTY_BODY = YES;
				CLANG_WARN_ENUM_CONVERSION = YES;
				CLANG_WARN_INT_CONVERSION = YES;
				CLANG_WARN_OBJC_ROOT_CLASS = YES_ERROR;
				CLANG_WARN__DUPLICATE_METHOD_MATCH = YES;
				"CODE_SIGN_IDENTITY[sdk=iphoneos*]" = "iPhone Developer";
				COPY_PHASE_STRIP = YES;
				ENABLE_NS_ASSERTIONS = NO;
				GCC_C_LANGUAGE_STANDARD = gnu99;
				GCC_WARN_64_TO_32_BIT_CONVERSION = YES;
				GCC_WARN_ABOUT_RETURN_TYPE = YES_ERROR;
				GCC_WARN_UNDECLARED_SELECTOR = YES;
				GCC_WARN_UNINITIALIZED_AUTOS = YES_AGGRESSIVE;
				GCC_WARN_UNUSED_FUNCTION = YES;
				GCC_WARN_UNUSED_VARIABLE = YES;
				IPHONEOS_DEPLOYMENT_TARGET = 7.1;
				SDKROOT = iphoneos;
				VALIDATE_PRODUCT = YES;
			};
			name = Release;
		};
		4360FE1319DF4282001E3796 /* Debug */ = {
			isa = XCBuildConfiguration;
			buildSettings = {
				ASSETCATALOG_COMPILER_APPICON_NAME = AppIcon;
				ASSETCATALOG_COMPILER_LAUNCHIMAGE_NAME = LaunchImage;
				GCC_PRECOMPILE_PREFIX_HEADER = YES;
				GCC_PREFIX_HEADER = "iTahDoodle/iTahDoodle-Prefix.pch";
				INFOPLIST_FILE = "iTahDoodle/iTahDoodle-Info.plist";
				PRODUCT_NAME = "$(TARGET_NAME)";
				WRAPPER_EXTENSION = app;
			};
			name = Debug;
		};
		4360FE1419DF4282001E3796 /* Release */ = {
			isa = XCBuildConfiguration;
			buildSettings = {
				ASSETCATALOG_COMPILER_APPICON_NAME = AppIcon;
				ASSETCATALOG_COMPILER_LAUNCHIMAGE_NAME = LaunchImage;
				GCC_PRECOMPILE_PREFIX_HEADER = YES;
				GCC_PREFIX_HEADER = "iTahDoodle/iTahDoodle-Prefix.pch";
				INFOPLIST_FILE = "iTahDoodle/iTahDoodle-Info.plist";
				PRODUCT_NAME = "$(TARGET_NAME)";
				WRAPPER_EXTENSION = app;
			};
			name = Release;
		};
		4360FE1619DF4282001E3796 /* Debug */ = {
			isa = XCBuildConfiguration;
			buildSettings = {
				BUNDLE_LOADER = "$(BUILT_PRODUCTS_DIR)/iTahDoodle.app/iTahDoodle";
				FRAMEWORK_SEARCH_PATHS = (
					"$(SDKROOT)/Developer/Library/Frameworks",
					"$(inherited)",
					"$(DEVELOPER_FRAMEWORKS_DIR)",
				);
				GCC_PRECOMPILE_PREFIX_HEADER = YES;
				GCC_PREFIX_HEADER = "iTahDoodle/iTahDoodle-Prefix.pch";
				GCC_PREPROCESSOR_DEFINITIONS = (
					"DEBUG=1",
					"$(inherited)",
				);
				INFOPLIST_FILE = "iTahDoodleTests/iTahDoodleTests-Info.plist";
				PRODUCT_NAME = "$(TARGET_NAME)";
				TEST_HOST = "$(BUNDLE_LOADER)";
				WRAPPER_EXTENSION = xctest;
			};
			name = Debug;
		};
		4360FE1719DF4282001E3796 /* Release */ = {
			isa = XCBuildConfiguration;
			buildSettings = {
				BUNDLE_LOADER = "$(BUILT_PRODUCTS_DIR)/iTahDoodle.app/iTahDoodle";
				FRAMEWORK_SEARCH_PATHS = (
					"$(SDKROOT)/Developer/Library/Frameworks",
					"$(inherited)",
					"$(DEVELOPER_FRAMEWORKS_DIR)",
				);
				GCC_PRECOMPILE_PREFIX_HEADER = YES;
				GCC_PREFIX_HEADER = "iTahDoodle/iTahDoodle-Prefix.pch";
				INFOPLIST_FILE = "iTahDoodleTests/iTahDoodleTests-Info.plist";
				PRODUCT_NAME = "$(TARGET_NAME)";
				TEST_HOST = "$(BUNDLE_LOADER)";
				WRAPPER_EXTENSION = xctest;
			};
			name = Release;
		};
/* End XCBuildConfiguration section */

/* Begin XCConfigurationList section */
		4360FDE119DF4282001E3796 /* Build configuration list for PBXProject "iTahDoodle" */ = {
			isa = XCConfigurationList;
			buildConfigurations = (
				4360FE1019DF4282001E3796 /* Debug */,
				4360FE1119DF4282001E3796 /* Release */,
			);
			defaultConfigurationIsVisible = 0;
			defaultConfigurationName = Release;
		};
		4360FE1219DF4282001E3796 /* Build configuration list for PBXNativeTarget "iTahDoodle" */ = {
			isa = XCConfigurationList;
			buildConfigurations = (
				4360FE1319DF4282001E3796 /* Debug */,
				4360FE1419DF4282001E3796 /* Release */,
			);
			defaultConfigurationIsVisible = 0;
			defaultConfigurationName = Release;
		};
		4360FE1519DF4282001E3796 /* Build configuration list for PBXNativeTarget "iTahDoodleTests" */ = {
			isa = XCConfigurationList;
			buildConfigurations = (
				4360FE1619DF4282001E3796 /* Debug */,
				4360FE1719DF4282001E3796 /* Release */,
			);
			defaultConfigurationIsVisible = 0;
			defaultConfigurationName = Release;
		};
/* End XCConfigurationList section */
	};
	rootObject = 4360FDDE19DF4282001E3796 /* Project object */;
}
